
Microsoft Visual Studio Solution File, Format Version 11.00
# Visual Studio 2010
Project("{FAE04EC0-301F-11D3-BF4B-00C04F79EFBC}") = "Assembly-CSharp", "Assembly-CSharp.csproj", "{66540D6B-4C50-9BAB-2792-917D802B82E8}"
EndProject
Project("{FAE04EC0-301F-11D3-BF4B-00C04F79EFBC}") = "Assembly-CSharp-Editor", "Assembly-CSharp-Editor.csproj", "{611A1D55-FB43-0E00-4465-D2FF0F7AB6A2}"
EndProject
Global
	GlobalSection(SolutionConfigurationPlatforms) = preSolution
		Debug|Any CPU = Debug|Any CPU
		Release|Any CPU = Release|Any CPU
	EndGlobalSection
	GlobalSection(ProjectConfigurationPlatforms) = postSolution
		{66540D6B-4C50-9BAB-2792-917D802B82E8}.Debug|Any CPU.ActiveCfg = Debug|Any CPU
		{66540D6B-4C50-9BAB-2792-917D802B82E8}.Debug|Any CPU.Build.0 = Debug|Any CPU
		{66540D6B-4C50-9BAB-2792-917D802B82E8}.Release|Any CPU.ActiveCfg = Release|Any CPU
		{66540D6B-4C50-9BAB-2792-917D802B82E8}.Release|Any CPU.Build.0 = Release|Any CPU
		{611A1D55-FB43-0E00-4465-D2FF0F7AB6A2}.Debug|Any CPU.ActiveCfg = Debug|Any CPU
		{611A1D55-FB43-0E00-4465-D2FF0F7AB6A2}.Debug|Any CPU.Build.0 = Debug|Any CPU
		{611A1D55-FB43-0E00-4465-D2FF0F7AB6A2}.Release|Any CPU.ActiveCfg = Release|Any CPU
		{611A1D55-FB43-0E00-4465-D2FF0F7AB6A2}.Release|Any CPU.Build.0 = Release|Any CPU
	EndGlobalSection
	GlobalSection(SolutionProperties) = preSolution
		HideSolutionNode = FALSE
	EndGlobalSection
EndGlobal
