
Microsoft Visual Studio Solution File, Format Version 11.00
# Visual Studio 2010
Project("{FAE04EC0-301F-11D3-BF4B-00C04F79EFBC}") = "Assembly-CSharp", "Assembly-CSharp.csproj", "{BB395140-3150-A0B1-01D0-43B8AF94E2FF}"
EndProject
Project("{FAE04EC0-301F-11D3-BF4B-00C04F79EFBC}") = "Assembly-CSharp-Editor", "Assembly-CSharp-Editor.csproj", "{07762716-D902-4CE4-DA36-A8DF7A0501B5}"
EndProject
Global
	GlobalSection(SolutionConfigurationPlatforms) = preSolution
		Debug|Any CPU = Debug|Any CPU
		Release|Any CPU = Release|Any CPU
	EndGlobalSection
	GlobalSection(ProjectConfigurationPlatforms) = postSolution
		{BB395140-3150-A0B1-01D0-43B8AF94E2FF}.Debug|Any CPU.ActiveCfg = Debug|Any CPU
		{BB395140-3150-A0B1-01D0-43B8AF94E2FF}.Debug|Any CPU.Build.0 = Debug|Any CPU
		{BB395140-3150-A0B1-01D0-43B8AF94E2FF}.Release|Any CPU.ActiveCfg = Release|Any CPU
		{BB395140-3150-A0B1-01D0-43B8AF94E2FF}.Release|Any CPU.Build.0 = Release|Any CPU
		{07762716-D902-4CE4-DA36-A8DF7A0501B5}.Debug|Any CPU.ActiveCfg = Debug|Any CPU
		{07762716-D902-4CE4-DA36-A8DF7A0501B5}.Debug|Any CPU.Build.0 = Debug|Any CPU
		{07762716-D902-4CE4-DA36-A8DF7A0501B5}.Release|Any CPU.ActiveCfg = Release|Any CPU
		{07762716-D902-4CE4-DA36-A8DF7A0501B5}.Release|Any CPU.Build.0 = Release|Any CPU
	EndGlobalSection
	GlobalSection(SolutionProperties) = preSolution
		HideSolutionNode = FALSE
	EndGlobalSection
EndGlobal
